
Microsoft Visual Studio Solution File, Format Version 12.00
# Visual Studio Version 16
VisualStudioVersion = 16.0.29020.237
MinimumVisualStudioVersion = 10.0.40219.1
Project("{FAE04EC0-301F-11D3-BF4B-00C04F79EFBC}") = "OTeaching", "OTeaching.csproj", "{91371CB5-72F2-42BA-BF12-737BF6616BC2}"
EndProject
Global
	GlobalSection(SolutionConfigurationPlatforms) = preSolution
		Debug|Any CPU = Debug|Any CPU
		Release|Any CPU = Release|Any CPU
	EndGlobalSection
	GlobalSection(ProjectConfigurationPlatforms) = postSolution
		{91371CB5-72F2-42BA-BF12-737BF6616BC2}.Debug|Any CPU.ActiveCfg = Debug|Any CPU
		{91371CB5-72F2-42BA-BF12-737BF6616BC2}.Debug|Any CPU.Build.0 = Debug|Any CPU
		{91371CB5-72F2-42BA-BF12-737BF6616BC2}.Release|Any CPU.ActiveCfg = Release|Any CPU
		{91371CB5-72F2-42BA-BF12-737BF6616BC2}.Release|Any CPU.Build.0 = Release|Any CPU
	EndGlobalSection
	GlobalSection(SolutionProperties) = preSolution
		HideSolutionNode = FALSE
	EndGlobalSection
	GlobalSection(ExtensibilityGlobals) = postSolution
		SolutionGuid = {4FBF47DD-1115-482D-B77A-D43C124F9C64}
	EndGlobalSection
EndGlobal
